
Microsoft Visual Studio Solution File, Format Version 11.00
# Visual Studio 2010
Project("{FAE04EC0-301F-11D3-BF4B-00C04F79EFBC}") = "Assembly-CSharp", "Assembly-CSharp.csproj", "{7369F76E-ABFE-F9E3-BC86-67783E822C70}"
EndProject
Project("{FAE04EC0-301F-11D3-BF4B-00C04F79EFBC}") = "Assembly-CSharp-Editor", "Assembly-CSharp-Editor.csproj", "{A5DAA528-25FB-313E-1038-DB493D55B219}"
EndProject
Global
	GlobalSection(SolutionConfigurationPlatforms) = preSolution
		Debug|Any CPU = Debug|Any CPU
		Release|Any CPU = Release|Any CPU
	EndGlobalSection
	GlobalSection(ProjectConfigurationPlatforms) = postSolution
		{7369F76E-ABFE-F9E3-BC86-67783E822C70}.Debug|Any CPU.ActiveCfg = Debug|Any CPU
		{7369F76E-ABFE-F9E3-BC86-67783E822C70}.Debug|Any CPU.Build.0 = Debug|Any CPU
		{7369F76E-ABFE-F9E3-BC86-67783E822C70}.Release|Any CPU.ActiveCfg = Release|Any CPU
		{7369F76E-ABFE-F9E3-BC86-67783E822C70}.Release|Any CPU.Build.0 = Release|Any CPU
		{A5DAA528-25FB-313E-1038-DB493D55B219}.Debug|Any CPU.ActiveCfg = Debug|Any CPU
		{A5DAA528-25FB-313E-1038-DB493D55B219}.Debug|Any CPU.Build.0 = Debug|Any CPU
		{A5DAA528-25FB-313E-1038-DB493D55B219}.Release|Any CPU.ActiveCfg = Release|Any CPU
		{A5DAA528-25FB-313E-1038-DB493D55B219}.Release|Any CPU.Build.0 = Release|Any CPU
	EndGlobalSection
	GlobalSection(SolutionProperties) = preSolution
		HideSolutionNode = FALSE
	EndGlobalSection
EndGlobal
